{
  "requires": true,
  "lockfileVersion": 1,
  "dependencies": {
    "@fortawesome/fontawesome-free": {
      "version": "5.14.0",
      "resolved": "https://registry.npmjs.org/@fortawesome/fontawesome-free/-/fontawesome-free-5.14.0.tgz",
      "integrity": "sha512-OfdMsF+ZQgdKHP9jUbmDcRrP0eX90XXrsXIdyjLbkmSBzmMXPABB8eobUJtivaupucYaByz6WNe1PI1JuYm3qA=="
    },
    "bulma": {
      "version": "0.9.0",
      "resolved": "https://registry.npmjs.org/bulma/-/bulma-0.9.0.tgz",
      "integrity": "sha512-rV75CJkubNUroAt0qCRkjznZLoaXq/ctfMXsMvKSL84UetbSyx5REl96e8GoQ04G4Tkw0XF3STECffTOQrbzOQ=="
    },
    "bulma-social": {
      "version": "1.2.0",
      "resolved": "https://registry.npmjs.org/bulma-social/-/bulma-social-1.2.0.tgz",
      "integrity": "sha512-f3qnirZEHnuUmdP9ys1aSNYQp5kLt6LvTt3P/8lrFW3rMURcYmgOdd8PWYWE3WIu3HL4LyLOSCaurLnL9Djing==",
      "requires": {
        "@fortawesome/fontawesome-free": "^5.14.0",
        "bulma": "^0.9.0"
      }
    }
  }
}
